{
    "_readme": [
        "This file locks the dependencies of your project to a known state",
        "Read more about it at https://getcomposer.org/doc/01-basic-usage.md#composer-lock-the-lock-file",
        "This file is @generated automatically"
    ],
    "hash": "a805a12ffe7bec166df2b14b55f515af",
    "content-hash": "35bd6d5974d4379c372245455256f2f7",
    "packages": [],
    "packages-dev": [],
    "aliases": [],
    "minimum-stability": "stable",
    "stability-flags": [],
    "prefer-stable": false,
    "prefer-lowest": false,
    "platform": {
        "php": "~5.5.14",
        "ext-mbstring": "*",
        "ext-gd": "*"
    },
    "platform-dev": []
}
